
Microsoft Visual Studio Solution File, Format Version 12.00
# Visual Studio Version 17
VisualStudioVersion = 17.0.31903.59
MinimumVisualStudioVersion = 10.0.40219.1
Project("{2150E333-8FDC-42A3-9474-1A3956D46DE8}") = "src", "src", "{827E0CD3-B72D-47B6-A68D-7590B98EB39B}"
EndProject
Project("{FAE04EC0-301F-11D3-BF4B-00C04F79EFBC}") = "DiihTemplate.Infra", "src\DiihTemplate.Infra\DiihTemplate.Infra.csproj", "{C09B1730-023A-4D0E-9641-CC5A1B833462}"
EndProject
Project("{FAE04EC0-301F-11D3-BF4B-00C04F79EFBC}") = "DiihTemplate.Core", "src\DiihTemplate.Core\DiihTemplate.Core.csproj", "{5845F8DA-3364-4186-8F51-2C47488AF1F7}"
EndProject
Project("{FAE04EC0-301F-11D3-BF4B-00C04F79EFBC}") = "DiihTemplate.Domain", "src\DiihTemplate.Domain\DiihTemplate.Domain.csproj", "{C7978A19-EE30-4B83-9A54-8B0FFEF29C4A}"
EndProject
Project("{FAE04EC0-301F-11D3-BF4B-00C04F79EFBC}") = "DiihTemplate.Domain.Shared", "src\DiihTemplate.Domain.Shared\DiihTemplate.Domain.Shared.csproj", "{C1752BB0-E960-423C-BEEE-C0F19D506440}"
EndProject
Project("{FAE04EC0-301F-11D3-BF4B-00C04F79EFBC}") = "DiihTemplate.Api", "src\DiihTemplate.Api\DiihTemplate.Api.csproj", "{90126EEB-3E7D-4803-9C8C-0E18F44E109E}"
EndProject
Project("{FAE04EC0-301F-11D3-BF4B-00C04F79EFBC}") = "DiihTemplate.Application", "src\DiihTemplate.Application\DiihTemplate.Application.csproj", "{C99250B7-4DAA-4972-AA88-7D35018FBD7A}"
EndProject
Project("{FAE04EC0-301F-11D3-BF4B-00C04F79EFBC}") = "DiihTemplate.Application.Contracts", "src\DiihTemplate.Application.Contracts\DiihTemplate.Application.Contracts.csproj", "{8F614E09-BF24-4497-A673-67FA16803635}"
EndProject
Project("{FAE04EC0-301F-11D3-BF4B-00C04F79EFBC}") = "DiihTemplate.Data", "src\DiihTemplate.Data\DiihTemplate.Data.csproj", "{D7B85BD6-B0F7-4D10-8432-02E37BCAA999}"
EndProject
Global
	GlobalSection(SolutionConfigurationPlatforms) = preSolution
		Debug|Any CPU = Debug|Any CPU
		Debug|x64 = Debug|x64
		Debug|x86 = Debug|x86
		Release|Any CPU = Release|Any CPU
		Release|x64 = Release|x64
		Release|x86 = Release|x86
	EndGlobalSection
	GlobalSection(ProjectConfigurationPlatforms) = postSolution
		{C09B1730-023A-4D0E-9641-CC5A1B833462}.Debug|Any CPU.ActiveCfg = Debug|Any CPU
		{C09B1730-023A-4D0E-9641-CC5A1B833462}.Debug|Any CPU.Build.0 = Debug|Any CPU
		{C09B1730-023A-4D0E-9641-CC5A1B833462}.Debug|x64.ActiveCfg = Debug|Any CPU
		{C09B1730-023A-4D0E-9641-CC5A1B833462}.Debug|x64.Build.0 = Debug|Any CPU
		{C09B1730-023A-4D0E-9641-CC5A1B833462}.Debug|x86.ActiveCfg = Debug|Any CPU
		{C09B1730-023A-4D0E-9641-CC5A1B833462}.Debug|x86.Build.0 = Debug|Any CPU
		{C09B1730-023A-4D0E-9641-CC5A1B833462}.Release|Any CPU.ActiveCfg = Release|Any CPU
		{C09B1730-023A-4D0E-9641-CC5A1B833462}.Release|Any CPU.Build.0 = Release|Any CPU
		{C09B1730-023A-4D0E-9641-CC5A1B833462}.Release|x64.ActiveCfg = Release|Any CPU
		{C09B1730-023A-4D0E-9641-CC5A1B833462}.Release|x64.Build.0 = Release|Any CPU
		{C09B1730-023A-4D0E-9641-CC5A1B833462}.Release|x86.ActiveCfg = Release|Any CPU
		{C09B1730-023A-4D0E-9641-CC5A1B833462}.Release|x86.Build.0 = Release|Any CPU
		{5845F8DA-3364-4186-8F51-2C47488AF1F7}.Debug|Any CPU.ActiveCfg = Debug|Any CPU
		{5845F8DA-3364-4186-8F51-2C47488AF1F7}.Debug|Any CPU.Build.0 = Debug|Any CPU
		{5845F8DA-3364-4186-8F51-2C47488AF1F7}.Debug|x64.ActiveCfg = Debug|Any CPU
		{5845F8DA-3364-4186-8F51-2C47488AF1F7}.Debug|x64.Build.0 = Debug|Any CPU
		{5845F8DA-3364-4186-8F51-2C47488AF1F7}.Debug|x86.ActiveCfg = Debug|Any CPU
		{5845F8DA-3364-4186-8F51-2C47488AF1F7}.Debug|x86.Build.0 = Debug|Any CPU
		{5845F8DA-3364-4186-8F51-2C47488AF1F7}.Release|Any CPU.ActiveCfg = Release|Any CPU
		{5845F8DA-3364-4186-8F51-2C47488AF1F7}.Release|Any CPU.Build.0 = Release|Any CPU
		{5845F8DA-3364-4186-8F51-2C47488AF1F7}.Release|x64.ActiveCfg = Release|Any CPU
		{5845F8DA-3364-4186-8F51-2C47488AF1F7}.Release|x64.Build.0 = Release|Any CPU
		{5845F8DA-3364-4186-8F51-2C47488AF1F7}.Release|x86.ActiveCfg = Release|Any CPU
		{5845F8DA-3364-4186-8F51-2C47488AF1F7}.Release|x86.Build.0 = Release|Any CPU
		{C7978A19-EE30-4B83-9A54-8B0FFEF29C4A}.Debug|Any CPU.ActiveCfg = Debug|Any CPU
		{C7978A19-EE30-4B83-9A54-8B0FFEF29C4A}.Debug|Any CPU.Build.0 = Debug|Any CPU
		{C7978A19-EE30-4B83-9A54-8B0FFEF29C4A}.Debug|x64.ActiveCfg = Debug|Any CPU
		{C7978A19-EE30-4B83-9A54-8B0FFEF29C4A}.Debug|x64.Build.0 = Debug|Any CPU
		{C7978A19-EE30-4B83-9A54-8B0FFEF29C4A}.Debug|x86.ActiveCfg = Debug|Any CPU
		{C7978A19-EE30-4B83-9A54-8B0FFEF29C4A}.Debug|x86.Build.0 = Debug|Any CPU
		{C7978A19-EE30-4B83-9A54-8B0FFEF29C4A}.Release|Any CPU.ActiveCfg = Release|Any CPU
		{C7978A19-EE30-4B83-9A54-8B0FFEF29C4A}.Release|Any CPU.Build.0 = Release|Any CPU
		{C7978A19-EE30-4B83-9A54-8B0FFEF29C4A}.Release|x64.ActiveCfg = Release|Any CPU
		{C7978A19-EE30-4B83-9A54-8B0FFEF29C4A}.Release|x64.Build.0 = Release|Any CPU
		{C7978A19-EE30-4B83-9A54-8B0FFEF29C4A}.Release|x86.ActiveCfg = Release|Any CPU
		{C7978A19-EE30-4B83-9A54-8B0FFEF29C4A}.Release|x86.Build.0 = Release|Any CPU
		{C1752BB0-E960-423C-BEEE-C0F19D506440}.Debug|Any CPU.ActiveCfg = Debug|Any CPU
		{C1752BB0-E960-423C-BEEE-C0F19D506440}.Debug|Any CPU.Build.0 = Debug|Any CPU
		{C1752BB0-E960-423C-BEEE-C0F19D506440}.Debug|x64.ActiveCfg = Debug|Any CPU
		{C1752BB0-E960-423C-BEEE-C0F19D506440}.Debug|x64.Build.0 = Debug|Any CPU
		{C1752BB0-E960-423C-BEEE-C0F19D506440}.Debug|x86.ActiveCfg = Debug|Any CPU
		{C1752BB0-E960-423C-BEEE-C0F19D506440}.Debug|x86.Build.0 = Debug|Any CPU
		{C1752BB0-E960-423C-BEEE-C0F19D506440}.Release|Any CPU.ActiveCfg = Release|Any CPU
		{C1752BB0-E960-423C-BEEE-C0F19D506440}.Release|Any CPU.Build.0 = Release|Any CPU
		{C1752BB0-E960-423C-BEEE-C0F19D506440}.Release|x64.ActiveCfg = Release|Any CPU
		{C1752BB0-E960-423C-BEEE-C0F19D506440}.Release|x64.Build.0 = Release|Any CPU
		{C1752BB0-E960-423C-BEEE-C0F19D506440}.Release|x86.ActiveCfg = Release|Any CPU
		{C1752BB0-E960-423C-BEEE-C0F19D506440}.Release|x86.Build.0 = Release|Any CPU
		{90126EEB-3E7D-4803-9C8C-0E18F44E109E}.Debug|Any CPU.ActiveCfg = Debug|Any CPU
		{90126EEB-3E7D-4803-9C8C-0E18F44E109E}.Debug|Any CPU.Build.0 = Debug|Any CPU
		{90126EEB-3E7D-4803-9C8C-0E18F44E109E}.Debug|x64.ActiveCfg = Debug|Any CPU
		{90126EEB-3E7D-4803-9C8C-0E18F44E109E}.Debug|x64.Build.0 = Debug|Any CPU
		{90126EEB-3E7D-4803-9C8C-0E18F44E109E}.Debug|x86.ActiveCfg = Debug|Any CPU
		{90126EEB-3E7D-4803-9C8C-0E18F44E109E}.Debug|x86.Build.0 = Debug|Any CPU
		{90126EEB-3E7D-4803-9C8C-0E18F44E109E}.Release|Any CPU.ActiveCfg = Release|Any CPU
		{90126EEB-3E7D-4803-9C8C-0E18F44E109E}.Release|Any CPU.Build.0 = Release|Any CPU
		{90126EEB-3E7D-4803-9C8C-0E18F44E109E}.Release|x64.ActiveCfg = Release|Any CPU
		{90126EEB-3E7D-4803-9C8C-0E18F44E109E}.Release|x64.Build.0 = Release|Any CPU
		{90126EEB-3E7D-4803-9C8C-0E18F44E109E}.Release|x86.ActiveCfg = Release|Any CPU
		{90126EEB-3E7D-4803-9C8C-0E18F44E109E}.Release|x86.Build.0 = Release|Any CPU
		{C99250B7-4DAA-4972-AA88-7D35018FBD7A}.Debug|Any CPU.ActiveCfg = Debug|Any CPU
		{C99250B7-4DAA-4972-AA88-7D35018FBD7A}.Debug|Any CPU.Build.0 = Debug|Any CPU
		{C99250B7-4DAA-4972-AA88-7D35018FBD7A}.Debug|x64.ActiveCfg = Debug|Any CPU
		{C99250B7-4DAA-4972-AA88-7D35018FBD7A}.Debug|x64.Build.0 = Debug|Any CPU
		{C99250B7-4DAA-4972-AA88-7D35018FBD7A}.Debug|x86.ActiveCfg = Debug|Any CPU
		{C99250B7-4DAA-4972-AA88-7D35018FBD7A}.Debug|x86.Build.0 = Debug|Any CPU
		{C99250B7-4DAA-4972-AA88-7D35018FBD7A}.Release|Any CPU.ActiveCfg = Release|Any CPU
		{C99250B7-4DAA-4972-AA88-7D35018FBD7A}.Release|Any CPU.Build.0 = Release|Any CPU
		{C99250B7-4DAA-4972-AA88-7D35018FBD7A}.Release|x64.ActiveCfg = Release|Any CPU
		{C99250B7-4DAA-4972-AA88-7D35018FBD7A}.Release|x64.Build.0 = Release|Any CPU
		{C99250B7-4DAA-4972-AA88-7D35018FBD7A}.Release|x86.ActiveCfg = Release|Any CPU
		{C99250B7-4DAA-4972-AA88-7D35018FBD7A}.Release|x86.Build.0 = Release|Any CPU
		{8F614E09-BF24-4497-A673-67FA16803635}.Debug|Any CPU.ActiveCfg = Debug|Any CPU
		{8F614E09-BF24-4497-A673-67FA16803635}.Debug|Any CPU.Build.0 = Debug|Any CPU
		{8F614E09-BF24-4497-A673-67FA16803635}.Debug|x64.ActiveCfg = Debug|Any CPU
		{8F614E09-BF24-4497-A673-67FA16803635}.Debug|x64.Build.0 = Debug|Any CPU
		{8F614E09-BF24-4497-A673-67FA16803635}.Debug|x86.ActiveCfg = Debug|Any CPU
		{8F614E09-BF24-4497-A673-67FA16803635}.Debug|x86.Build.0 = Debug|Any CPU
		{8F614E09-BF24-4497-A673-67FA16803635}.Release|Any CPU.ActiveCfg = Release|Any CPU
		{8F614E09-BF24-4497-A673-67FA16803635}.Release|Any CPU.Build.0 = Release|Any CPU
		{8F614E09-BF24-4497-A673-67FA16803635}.Release|x64.ActiveCfg = Release|Any CPU
		{8F614E09-BF24-4497-A673-67FA16803635}.Release|x64.Build.0 = Release|Any CPU
		{8F614E09-BF24-4497-A673-67FA16803635}.Release|x86.ActiveCfg = Release|Any CPU
		{8F614E09-BF24-4497-A673-67FA16803635}.Release|x86.Build.0 = Release|Any CPU
		{D7B85BD6-B0F7-4D10-8432-02E37BCAA999}.Debug|Any CPU.ActiveCfg = Debug|Any CPU
		{D7B85BD6-B0F7-4D10-8432-02E37BCAA999}.Debug|Any CPU.Build.0 = Debug|Any CPU
		{D7B85BD6-B0F7-4D10-8432-02E37BCAA999}.Debug|x64.ActiveCfg = Debug|Any CPU
		{D7B85BD6-B0F7-4D10-8432-02E37BCAA999}.Debug|x64.Build.0 = Debug|Any CPU
		{D7B85BD6-B0F7-4D10-8432-02E37BCAA999}.Debug|x86.ActiveCfg = Debug|Any CPU
		{D7B85BD6-B0F7-4D10-8432-02E37BCAA999}.Debug|x86.Build.0 = Debug|Any CPU
		{D7B85BD6-B0F7-4D10-8432-02E37BCAA999}.Release|Any CPU.ActiveCfg = Release|Any CPU
		{D7B85BD6-B0F7-4D10-8432-02E37BCAA999}.Release|Any CPU.Build.0 = Release|Any CPU
		{D7B85BD6-B0F7-4D10-8432-02E37BCAA999}.Release|x64.ActiveCfg = Release|Any CPU
		{D7B85BD6-B0F7-4D10-8432-02E37BCAA999}.Release|x64.Build.0 = Release|Any CPU
		{D7B85BD6-B0F7-4D10-8432-02E37BCAA999}.Release|x86.ActiveCfg = Release|Any CPU
		{D7B85BD6-B0F7-4D10-8432-02E37BCAA999}.Release|x86.Build.0 = Release|Any CPU
	EndGlobalSection
	GlobalSection(SolutionProperties) = preSolution
		HideSolutionNode = FALSE
	EndGlobalSection
	GlobalSection(NestedProjects) = preSolution
		{C09B1730-023A-4D0E-9641-CC5A1B833462} = {827E0CD3-B72D-47B6-A68D-7590B98EB39B}
		{5845F8DA-3364-4186-8F51-2C47488AF1F7} = {827E0CD3-B72D-47B6-A68D-7590B98EB39B}
		{C7978A19-EE30-4B83-9A54-8B0FFEF29C4A} = {827E0CD3-B72D-47B6-A68D-7590B98EB39B}
		{C1752BB0-E960-423C-BEEE-C0F19D506440} = {827E0CD3-B72D-47B6-A68D-7590B98EB39B}
		{90126EEB-3E7D-4803-9C8C-0E18F44E109E} = {827E0CD3-B72D-47B6-A68D-7590B98EB39B}
		{C99250B7-4DAA-4972-AA88-7D35018FBD7A} = {827E0CD3-B72D-47B6-A68D-7590B98EB39B}
		{8F614E09-BF24-4497-A673-67FA16803635} = {827E0CD3-B72D-47B6-A68D-7590B98EB39B}
		{D7B85BD6-B0F7-4D10-8432-02E37BCAA999} = {827E0CD3-B72D-47B6-A68D-7590B98EB39B}
	EndGlobalSection
EndGlobal
